
Microsoft Visual Studio Solution File, Format Version 12.00
# Visual Studio Version 16
VisualStudioVersion = 16.0.810.7
MinimumVisualStudioVersion = 10.0.40219.1
Project("{FAE04EC0-301F-11D3-BF4B-00C04F79EFBC}") = "Assignment_1_Spring_2022", "Assignment_1_Spring_2022\Assignment_1_Spring_2022.csproj", "{1F02DC99-83BF-4DC2-A4E1-61C47E05837F}"
EndProject
Global
	GlobalSection(SolutionConfigurationPlatforms) = preSolution
		Debug|Any CPU = Debug|Any CPU
		Release|Any CPU = Release|Any CPU
	EndGlobalSection
	GlobalSection(ProjectConfigurationPlatforms) = postSolution
		{1F02DC99-83BF-4DC2-A4E1-61C47E05837F}.Debug|Any CPU.ActiveCfg = Debug|Any CPU
		{1F02DC99-83BF-4DC2-A4E1-61C47E05837F}.Debug|Any CPU.Build.0 = Debug|Any CPU
		{1F02DC99-83BF-4DC2-A4E1-61C47E05837F}.Release|Any CPU.ActiveCfg = Release|Any CPU
		{1F02DC99-83BF-4DC2-A4E1-61C47E05837F}.Release|Any CPU.Build.0 = Release|Any CPU
	EndGlobalSection
	GlobalSection(SolutionProperties) = preSolution
		HideSolutionNode = FALSE
	EndGlobalSection
	GlobalSection(ExtensibilityGlobals) = postSolution
		SolutionGuid = {A9D419D2-69C4-40A9-8EB7-317467C5388B}
	EndGlobalSection
EndGlobal
